
Microsoft Visual Studio Solution File, Format Version 12.00
# Visual Studio Version 17
VisualStudioVersion = 17.11.35222.181
MinimumVisualStudioVersion = 10.0.40219.1
Project("{FAE04EC0-301F-11D3-BF4B-00C04F79EFBC}") = "Assignment 5 Part 1", "Assignment 5 Part 1\Assignment 5 Part 1.csproj", "{5124BB50-6223-46F6-8AA2-3EACBABD5A64}"
EndProject
Global
	GlobalSection(SolutionConfigurationPlatforms) = preSolution
		Debug|Any CPU = Debug|Any CPU
		Release|Any CPU = Release|Any CPU
	EndGlobalSection
	GlobalSection(ProjectConfigurationPlatforms) = postSolution
		{5124BB50-6223-46F6-8AA2-3EACBABD5A64}.Debug|Any CPU.ActiveCfg = Debug|Any CPU
		{5124BB50-6223-46F6-8AA2-3EACBABD5A64}.Debug|Any CPU.Build.0 = Debug|Any CPU
		{5124BB50-6223-46F6-8AA2-3EACBABD5A64}.Release|Any CPU.ActiveCfg = Release|Any CPU
		{5124BB50-6223-46F6-8AA2-3EACBABD5A64}.Release|Any CPU.Build.0 = Release|Any CPU
	EndGlobalSection
	GlobalSection(SolutionProperties) = preSolution
		HideSolutionNode = FALSE
	EndGlobalSection
	GlobalSection(ExtensibilityGlobals) = postSolution
		SolutionGuid = {B6266BCB-071F-4740-9F66-0328721B0D9A}
	EndGlobalSection
EndGlobal
